
Microsoft Visual Studio Solution File, Format Version 12.00
# Visual Studio 15
VisualStudioVersion = 15.0.28010.2036
MinimumVisualStudioVersion = 10.0.40219.1
Project("{FAE04EC0-301F-11D3-BF4B-00C04F79EFBC}") = "DATINGAPP.API", "DATINGAPP.API\DATINGAPP.API.csproj", "{376166C3-FCDF-4026-88FC-71EC51C21078}"
EndProject
Global
	GlobalSection(SolutionConfigurationPlatforms) = preSolution
		Debug|Any CPU = Debug|Any CPU
		Release|Any CPU = Release|Any CPU
	EndGlobalSection
	GlobalSection(ProjectConfigurationPlatforms) = postSolution
		{376166C3-FCDF-4026-88FC-71EC51C21078}.Debug|Any CPU.ActiveCfg = Debug|Any CPU
		{376166C3-FCDF-4026-88FC-71EC51C21078}.Debug|Any CPU.Build.0 = Debug|Any CPU
		{376166C3-FCDF-4026-88FC-71EC51C21078}.Release|Any CPU.ActiveCfg = Release|Any CPU
		{376166C3-FCDF-4026-88FC-71EC51C21078}.Release|Any CPU.Build.0 = Release|Any CPU
	EndGlobalSection
	GlobalSection(SolutionProperties) = preSolution
		HideSolutionNode = FALSE
	EndGlobalSection
	GlobalSection(ExtensibilityGlobals) = postSolution
		SolutionGuid = {70BFFECF-141D-4D07-8DC1-3E15CD3D5613}
	EndGlobalSection
EndGlobal
